
Microsoft Visual Studio Solution File, Format Version 12.00
# Visual Studio 14
VisualStudioVersion = 14.0.24720.0
MinimumVisualStudioVersion = 10.0.40219.1
Project("{FAE04EC0-301F-11D3-BF4B-00C04F79EFBC}") = "ShareX.UploadersLib.Wpf", "ShareX.UploadersLib\ShareX.UploadersLib.Wpf.csproj", "{2DEDAA33-86FD-4068-AB8F-450560C8EF41}"
EndProject
Project("{FAE04EC0-301F-11D3-BF4B-00C04F79EFBC}") = "ShareX.UploadersLib.Imgur", "ShareX.UploadersLib.Imgur\ShareX.UploadersLib.Imgur.csproj", "{27F44806-022D-439E-8305-9714EF8EEF98}"
EndProject
Project("{FAE04EC0-301F-11D3-BF4B-00C04F79EFBC}") = "ShareX.HelpersLib.Wpf", "ShareX.HelpersLib\ShareX.HelpersLib.Wpf.csproj", "{43B77CEB-6410-43AD-842E-726A129FA4BB}"
EndProject
Project("{FAE04EC0-301F-11D3-BF4B-00C04F79EFBC}") = "ShareX.UploadersLib.Dropbox", "ShareX.UploadersLib.Dropbox\ShareX.UploadersLib.Dropbox.csproj", "{838699FE-A6E3-4CBC-A963-D438D53B01B6}"
EndProject
Global
	GlobalSection(SolutionConfigurationPlatforms) = preSolution
		Debug|Any CPU = Debug|Any CPU
		Release|Any CPU = Release|Any CPU
	EndGlobalSection
	GlobalSection(ProjectConfigurationPlatforms) = postSolution
		{2DEDAA33-86FD-4068-AB8F-450560C8EF41}.Debug|Any CPU.ActiveCfg = Debug|Any CPU
		{2DEDAA33-86FD-4068-AB8F-450560C8EF41}.Debug|Any CPU.Build.0 = Debug|Any CPU
		{2DEDAA33-86FD-4068-AB8F-450560C8EF41}.Release|Any CPU.ActiveCfg = Release|Any CPU
		{2DEDAA33-86FD-4068-AB8F-450560C8EF41}.Release|Any CPU.Build.0 = Release|Any CPU
		{27F44806-022D-439E-8305-9714EF8EEF98}.Debug|Any CPU.ActiveCfg = Debug|Any CPU
		{27F44806-022D-439E-8305-9714EF8EEF98}.Debug|Any CPU.Build.0 = Debug|Any CPU
		{27F44806-022D-439E-8305-9714EF8EEF98}.Release|Any CPU.ActiveCfg = Release|Any CPU
		{27F44806-022D-439E-8305-9714EF8EEF98}.Release|Any CPU.Build.0 = Release|Any CPU
		{43B77CEB-6410-43AD-842E-726A129FA4BB}.Debug|Any CPU.ActiveCfg = Debug|Any CPU
		{43B77CEB-6410-43AD-842E-726A129FA4BB}.Debug|Any CPU.Build.0 = Debug|Any CPU
		{43B77CEB-6410-43AD-842E-726A129FA4BB}.Release|Any CPU.ActiveCfg = Release|Any CPU
		{43B77CEB-6410-43AD-842E-726A129FA4BB}.Release|Any CPU.Build.0 = Release|Any CPU
		{838699FE-A6E3-4CBC-A963-D438D53B01B6}.Debug|Any CPU.ActiveCfg = Debug|Any CPU
		{838699FE-A6E3-4CBC-A963-D438D53B01B6}.Debug|Any CPU.Build.0 = Debug|Any CPU
		{838699FE-A6E3-4CBC-A963-D438D53B01B6}.Release|Any CPU.ActiveCfg = Release|Any CPU
		{838699FE-A6E3-4CBC-A963-D438D53B01B6}.Release|Any CPU.Build.0 = Release|Any CPU
	EndGlobalSection
	GlobalSection(SolutionProperties) = preSolution
		HideSolutionNode = FALSE
	EndGlobalSection
EndGlobal
