
Microsoft Visual Studio Solution File, Format Version 12.00
# Visual Studio 14
VisualStudioVersion = 14.0.24720.0
MinimumVisualStudioVersion = 10.0.40219.1
Project("{FAE04EC0-301F-11D3-BF4B-00C04F79EFBC}") = "ShareX.Wpf", "ShareX\ShareX.Wpf.csproj", "{256C6EFE-A6C0-4357-B4B8-8DC0D893ED22}"
EndProject
Project("{FAE04EC0-301F-11D3-BF4B-00C04F79EFBC}") = "ShareX.HelpersLib.Wpf", "..\..\HelpersLib.Wpf\HelpersLib\ShareX.HelpersLib.Wpf.csproj", "{43B77CEB-6410-43AD-842E-726A129FA4BB}"
EndProject
Project("{FAE04EC0-301F-11D3-BF4B-00C04F79EFBC}") = "ShareX.ScreenCaptureLib.Wpf", "ShareX.ScreenCaptureLib\ShareX.ScreenCaptureLib.Wpf.csproj", "{49F6F807-B37D-4EBA-BE66-B9DF51EA32A1}"
EndProject
Project("{FAE04EC0-301F-11D3-BF4B-00C04F79EFBC}") = "ShareX.UploadersLib.Wpf", "ShareX.UploadersLib\ShareX.UploadersLib.Wpf.csproj", "{2DEDAA33-86FD-4068-AB8F-450560C8EF41}"
EndProject
Global
	GlobalSection(SolutionConfigurationPlatforms) = preSolution
		Debug|Any CPU = Debug|Any CPU
		Debug|ARM = Debug|ARM
		Debug|x64 = Debug|x64
		Debug|x86 = Debug|x86
		Release|Any CPU = Release|Any CPU
		Release|ARM = Release|ARM
		Release|x64 = Release|x64
		Release|x86 = Release|x86
	EndGlobalSection
	GlobalSection(ProjectConfigurationPlatforms) = postSolution
		{256C6EFE-A6C0-4357-B4B8-8DC0D893ED22}.Debug|Any CPU.ActiveCfg = Debug|Any CPU
		{256C6EFE-A6C0-4357-B4B8-8DC0D893ED22}.Debug|Any CPU.Build.0 = Debug|Any CPU
		{256C6EFE-A6C0-4357-B4B8-8DC0D893ED22}.Debug|ARM.ActiveCfg = Debug|Any CPU
		{256C6EFE-A6C0-4357-B4B8-8DC0D893ED22}.Debug|ARM.Build.0 = Debug|Any CPU
		{256C6EFE-A6C0-4357-B4B8-8DC0D893ED22}.Debug|x64.ActiveCfg = Debug|Any CPU
		{256C6EFE-A6C0-4357-B4B8-8DC0D893ED22}.Debug|x64.Build.0 = Debug|Any CPU
		{256C6EFE-A6C0-4357-B4B8-8DC0D893ED22}.Debug|x86.ActiveCfg = Debug|Any CPU
		{256C6EFE-A6C0-4357-B4B8-8DC0D893ED22}.Debug|x86.Build.0 = Debug|Any CPU
		{256C6EFE-A6C0-4357-B4B8-8DC0D893ED22}.Release|Any CPU.ActiveCfg = Release|Any CPU
		{256C6EFE-A6C0-4357-B4B8-8DC0D893ED22}.Release|Any CPU.Build.0 = Release|Any CPU
		{256C6EFE-A6C0-4357-B4B8-8DC0D893ED22}.Release|ARM.ActiveCfg = Release|Any CPU
		{256C6EFE-A6C0-4357-B4B8-8DC0D893ED22}.Release|ARM.Build.0 = Release|Any CPU
		{256C6EFE-A6C0-4357-B4B8-8DC0D893ED22}.Release|x64.ActiveCfg = Release|Any CPU
		{256C6EFE-A6C0-4357-B4B8-8DC0D893ED22}.Release|x64.Build.0 = Release|Any CPU
		{256C6EFE-A6C0-4357-B4B8-8DC0D893ED22}.Release|x86.ActiveCfg = Release|Any CPU
		{256C6EFE-A6C0-4357-B4B8-8DC0D893ED22}.Release|x86.Build.0 = Release|Any CPU
		{43B77CEB-6410-43AD-842E-726A129FA4BB}.Debug|Any CPU.ActiveCfg = Debug|Any CPU
		{43B77CEB-6410-43AD-842E-726A129FA4BB}.Debug|Any CPU.Build.0 = Debug|Any CPU
		{43B77CEB-6410-43AD-842E-726A129FA4BB}.Debug|ARM.ActiveCfg = Debug|Any CPU
		{43B77CEB-6410-43AD-842E-726A129FA4BB}.Debug|ARM.Build.0 = Debug|Any CPU
		{43B77CEB-6410-43AD-842E-726A129FA4BB}.Debug|x64.ActiveCfg = Debug|Any CPU
		{43B77CEB-6410-43AD-842E-726A129FA4BB}.Debug|x64.Build.0 = Debug|Any CPU
		{43B77CEB-6410-43AD-842E-726A129FA4BB}.Debug|x86.ActiveCfg = Debug|Any CPU
		{43B77CEB-6410-43AD-842E-726A129FA4BB}.Debug|x86.Build.0 = Debug|Any CPU
		{43B77CEB-6410-43AD-842E-726A129FA4BB}.Release|Any CPU.ActiveCfg = Release|Any CPU
		{43B77CEB-6410-43AD-842E-726A129FA4BB}.Release|Any CPU.Build.0 = Release|Any CPU
		{43B77CEB-6410-43AD-842E-726A129FA4BB}.Release|ARM.ActiveCfg = Release|Any CPU
		{43B77CEB-6410-43AD-842E-726A129FA4BB}.Release|ARM.Build.0 = Release|Any CPU
		{43B77CEB-6410-43AD-842E-726A129FA4BB}.Release|x64.ActiveCfg = Release|Any CPU
		{43B77CEB-6410-43AD-842E-726A129FA4BB}.Release|x64.Build.0 = Release|Any CPU
		{43B77CEB-6410-43AD-842E-726A129FA4BB}.Release|x86.ActiveCfg = Release|Any CPU
		{43B77CEB-6410-43AD-842E-726A129FA4BB}.Release|x86.Build.0 = Release|Any CPU
		{49F6F807-B37D-4EBA-BE66-B9DF51EA32A1}.Debug|Any CPU.ActiveCfg = Debug|Any CPU
		{49F6F807-B37D-4EBA-BE66-B9DF51EA32A1}.Debug|Any CPU.Build.0 = Debug|Any CPU
		{49F6F807-B37D-4EBA-BE66-B9DF51EA32A1}.Debug|ARM.ActiveCfg = Debug|Any CPU
		{49F6F807-B37D-4EBA-BE66-B9DF51EA32A1}.Debug|ARM.Build.0 = Debug|Any CPU
		{49F6F807-B37D-4EBA-BE66-B9DF51EA32A1}.Debug|x64.ActiveCfg = Debug|Any CPU
		{49F6F807-B37D-4EBA-BE66-B9DF51EA32A1}.Debug|x64.Build.0 = Debug|Any CPU
		{49F6F807-B37D-4EBA-BE66-B9DF51EA32A1}.Debug|x86.ActiveCfg = Debug|Any CPU
		{49F6F807-B37D-4EBA-BE66-B9DF51EA32A1}.Debug|x86.Build.0 = Debug|Any CPU
		{49F6F807-B37D-4EBA-BE66-B9DF51EA32A1}.Release|Any CPU.ActiveCfg = Release|Any CPU
		{49F6F807-B37D-4EBA-BE66-B9DF51EA32A1}.Release|Any CPU.Build.0 = Release|Any CPU
		{49F6F807-B37D-4EBA-BE66-B9DF51EA32A1}.Release|ARM.ActiveCfg = Release|Any CPU
		{49F6F807-B37D-4EBA-BE66-B9DF51EA32A1}.Release|ARM.Build.0 = Release|Any CPU
		{49F6F807-B37D-4EBA-BE66-B9DF51EA32A1}.Release|x64.ActiveCfg = Release|Any CPU
		{49F6F807-B37D-4EBA-BE66-B9DF51EA32A1}.Release|x64.Build.0 = Release|Any CPU
		{49F6F807-B37D-4EBA-BE66-B9DF51EA32A1}.Release|x86.ActiveCfg = Release|Any CPU
		{49F6F807-B37D-4EBA-BE66-B9DF51EA32A1}.Release|x86.Build.0 = Release|Any CPU
		{2DEDAA33-86FD-4068-AB8F-450560C8EF41}.Debug|Any CPU.ActiveCfg = Debug|Any CPU
		{2DEDAA33-86FD-4068-AB8F-450560C8EF41}.Debug|Any CPU.Build.0 = Debug|Any CPU
		{2DEDAA33-86FD-4068-AB8F-450560C8EF41}.Debug|ARM.ActiveCfg = Debug|Any CPU
		{2DEDAA33-86FD-4068-AB8F-450560C8EF41}.Debug|ARM.Build.0 = Debug|Any CPU
		{2DEDAA33-86FD-4068-AB8F-450560C8EF41}.Debug|x64.ActiveCfg = Debug|Any CPU
		{2DEDAA33-86FD-4068-AB8F-450560C8EF41}.Debug|x64.Build.0 = Debug|Any CPU
		{2DEDAA33-86FD-4068-AB8F-450560C8EF41}.Debug|x86.ActiveCfg = Debug|Any CPU
		{2DEDAA33-86FD-4068-AB8F-450560C8EF41}.Debug|x86.Build.0 = Debug|Any CPU
		{2DEDAA33-86FD-4068-AB8F-450560C8EF41}.Release|Any CPU.ActiveCfg = Release|Any CPU
		{2DEDAA33-86FD-4068-AB8F-450560C8EF41}.Release|Any CPU.Build.0 = Release|Any CPU
		{2DEDAA33-86FD-4068-AB8F-450560C8EF41}.Release|ARM.ActiveCfg = Release|Any CPU
		{2DEDAA33-86FD-4068-AB8F-450560C8EF41}.Release|ARM.Build.0 = Release|Any CPU
		{2DEDAA33-86FD-4068-AB8F-450560C8EF41}.Release|x64.ActiveCfg = Release|Any CPU
		{2DEDAA33-86FD-4068-AB8F-450560C8EF41}.Release|x64.Build.0 = Release|Any CPU
		{2DEDAA33-86FD-4068-AB8F-450560C8EF41}.Release|x86.ActiveCfg = Release|Any CPU
		{2DEDAA33-86FD-4068-AB8F-450560C8EF41}.Release|x86.Build.0 = Release|Any CPU
	EndGlobalSection
	GlobalSection(SolutionProperties) = preSolution
		HideSolutionNode = FALSE
	EndGlobalSection
EndGlobal
